Microsoft Visual Studio Solution File, Format Version 12.00
# Visual Studio Version 17
VisualStudioVersion = 17.14.35906.104
MinimumVisualStudioVersion = 10.0.40219.1
Project("{FAE04EC0-301F-11D3-BF4B-00C04F79EFBC}") = "POWApp", "POWApp.csproj", "{4D50807B-5266-44B7-AACF-5BD8D040420B}"
EndProject
Global
	GlobalSection(SolutionConfigurationPlatforms) = preSolution
		Debug|Any CPU = Debug|Any CPU
		Release|Any CPU = Release|Any CPU
	EndGlobalSection
	GlobalSection(ProjectConfigurationPlatforms) = postSolution
		{4D50807B-5266-44B7-AACF-5BD8D040420B}.Debug|Any CPU.ActiveCfg = Debug|Any CPU
		{4D50807B-5266-44B7-AACF-5BD8D040420B}.Debug|Any CPU.Build.0 = Debug|Any CPU
		{4D50807B-5266-44B7-AACF-5BD8D040420B}.Release|Any CPU.ActiveCfg = Release|Any CPU
		{4D50807B-5266-44B7-AACF-5BD8D040420B}.Release|Any CPU.Build.0 = Release|Any CPU
	EndGlobalSection
	GlobalSection(SolutionProperties) = preSolution
		HideSolutionNode = FALSE
	EndGlobalSection
	GlobalSection(ExtensibilityGlobals) = postSolution
		SolutionGuid = {4AFE821F-DEC5-4652-80DD-A46B6700CB54}
	EndGlobalSection
EndGlobal
